// !$*UTF8*$!
{
	archiveVersion = 1;
	classes = {
	};
	objectVersion = 51;
	objects = {

/* Begin PBXBuildFile section */
		1A06969E248858AB005AB3FC /* ChooseBackgroundTypeCell.swift in Sources */ = {isa = PBXBuildFile; fileRef = 1A06969D248858AA005AB3FC /* ChooseBackgroundTypeCell.swift */; };
		1A0696A0248858B7005AB3FC /* ChooseBackgroundCollectionViewController.swift in Sources */ = {isa = PBXBuildFile; fileRef = 1A06969F248858B7005AB3FC /* ChooseBackgroundCollectionViewController.swift */; };
		1A135966246B511A001AE343 /* addDeckButtonView.swift in Sources */ = {isa = PBXBuildFile; fileRef = 1A135965246B511A001AE343 /* addDeckButtonView.swift */; };
		1A1B9961245E0ECD0016E050 /* utilities.swift in Sources */ = {isa = PBXBuildFile; fileRef = 1A1B9960245E0ECD0016E050 /* utilities.swift */; };
		1A2012C6247AD8BB00849A97 /* sticker.xib in Resources */ = {isa = PBXBuildFile; fileRef = 1A2012C5247AD8BB00849A97 /* sticker.xib */; };
		1A26B98E24621DA7000732CB /* ThemeClass.swift in Sources */ = {isa = PBXBuildFile; fileRef = 1A26B98D24621DA7000732CB /* ThemeClass.swift */; };
		1A41241D2496B3F300B3D157 /* DecksViewController.swift in Sources */ = {isa = PBXBuildFile; fileRef = 1A41241C2496B3F300B3D157 /* DecksViewController.swift */; };
		1A41242124980FB700B3D157 /* ZoomTransitionForNavigation.swift in Sources */ = {isa = PBXBuildFile; fileRef = 1A41242024980FB700B3D157 /* ZoomTransitionForNavigation.swift */; };
		1A660579249EAC830000EE50 /* DropView.swift in Sources */ = {isa = PBXBuildFile; fileRef = 1A660578249EAC830000EE50 /* DropView.swift */; };
		1A7544D1245F3CAD007229F4 /* DeckOfCardsCell.swift in Sources */ = {isa = PBXBuildFile; fileRef = 1A7544D0245F3CAD007229F4 /* DeckOfCardsCell.swift */; };
		1A768907249412F10062CF44 /* CardsViewController.swift in Sources */ = {isa = PBXBuildFile; fileRef = 1A768906249412F10062CF44 /* CardsViewController.swift */; };
		1A82AEFF246C9716000CF14A /* StickerEditorViewController.swift in Sources */ = {isa = PBXBuildFile; fileRef = 1A82AEFE246C9716000CF14A /* StickerEditorViewController.swift */; };
		1A923B092472F49200B4D75B /* CropView.swift in Sources */ = {isa = PBXBuildFile; fileRef = 1A923B082472F49200B4D75B /* CropView.swift */; };
		1AA8352324689928009D82E9 /* Document.swift in Sources */ = {isa = PBXBuildFile; fileRef = 1AA8352224689928009D82E9 /* Document.swift */; };
		1AB049CB24A7DAEB005A7829 /* TextSticker.xib in Resources */ = {isa = PBXBuildFile; fileRef = 1AB049CA24A7DAEB005A7829 /* TextSticker.xib */; };
		1AB1215024A7DCA9002F26AB /* WritingSticker.swift in Sources */ = {isa = PBXBuildFile; fileRef = 1AB1214F24A7DCA9002F26AB /* WritingSticker.swift */; };
		1ABD3EED249169A20011299E /* StickerObject.swift in Sources */ = {isa = PBXBuildFile; fileRef = 1ABD3EEC249169A20011299E /* StickerObject.swift */; };
		1ADD73BE246DEFAC00A9186A /* ShapeCell.swift in Sources */ = {isa = PBXBuildFile; fileRef = 1ADD73BD246DEFAC00A9186A /* ShapeCell.swift */; };
		1ADD73C2246E041D00A9186A /* StickerCanvas.swift in Sources */ = {isa = PBXBuildFile; fileRef = 1ADD73C1246E041D00A9186A /* StickerCanvas.swift */; };
		1ADD73C6246E0F9600A9186A /* TextSticker.swift in Sources */ = {isa = PBXBuildFile; fileRef = 1ADD73C5246E0F9600A9186A /* TextSticker.swift */; };
		1AE9429A248997C700D6A300 /* CircularCollectionViewLayout.swift in Sources */ = {isa = PBXBuildFile; fileRef = 1AE94299248997C700D6A300 /* CircularCollectionViewLayout.swift */; };
		1AEDB8492460B14F00C080B4 /* TransitioningDelegateforEditCardViewController.swift in Sources */ = {isa = PBXBuildFile; fileRef = 1AEDB8482460B14F00C080B4 /* TransitioningDelegateforEditCardViewController.swift */; };
		1AEDB84B2460B68400C080B4 /* PresentingAnimator.swift in Sources */ = {isa = PBXBuildFile; fileRef = 1AEDB84A2460B68400C080B4 /* PresentingAnimator.swift */; };
		1AEDB84D2460B69E00C080B4 /* DismissingAnimator.swift in Sources */ = {isa = PBXBuildFile; fileRef = 1AEDB84C2460B69E00C080B4 /* DismissingAnimator.swift */; };
		1AEEC97724A11EE0003AE94F /* CardsVC+DragDrop.swift in Sources */ = {isa = PBXBuildFile; fileRef = 1AEEC97624A11EE0003AE94F /* CardsVC+DragDrop.swift */; };
		1AEEC97924A11F52003AE94F /* CardsVC+ActionMenu.swift in Sources */ = {isa = PBXBuildFile; fileRef = 1AEEC97824A11F52003AE94F /* CardsVC+ActionMenu.swift */; };
		1AEEC97C24A1225C003AE94F /* CardsVC+Nav.swift in Sources */ = {isa = PBXBuildFile; fileRef = 1AEEC97B24A1225C003AE94F /* CardsVC+Nav.swift */; };
		1AEEC97E24A12581003AE94F /* DecksCV+DragDrop.swift in Sources */ = {isa = PBXBuildFile; fileRef = 1AEEC97D24A12581003AE94F /* DecksCV+DragDrop.swift */; };
		1AEEC98024A1266D003AE94F /* DecksCV+ActionMenu.swift in Sources */ = {isa = PBXBuildFile; fileRef = 1AEEC97F24A1266D003AE94F /* DecksCV+ActionMenu.swift */; };
		1AF357292467502C00F5D464 /* AddCardCell.swift in Sources */ = {isa = PBXBuildFile; fileRef = 1AF357282467502C00F5D464 /* AddCardCell.swift */; };
		1AF9E12C245F7E9500DDD4C0 /* IndexCardViewCell.swift in Sources */ = {isa = PBXBuildFile; fileRef = 1AF9E12B245F7E9500DDD4C0 /* IndexCardViewCell.swift */; };
		1AFAB29D24A3F9790015B522 /* StickerEditorVC+Keyboard.swift in Sources */ = {isa = PBXBuildFile; fileRef = 1AFAB29C24A3F9790015B522 /* StickerEditorVC+Keyboard.swift */; };
		1AFAB29F24A3FA7C0015B522 /* StickerEditorVC+Drag.swift in Sources */ = {isa = PBXBuildFile; fileRef = 1AFAB29E24A3FA7C0015B522 /* StickerEditorVC+Drag.swift */; };
		1AFAB2A124A3FE950015B522 /* StickerEditorVC+Gestures.swift in Sources */ = {isa = PBXBuildFile; fileRef = 1AFAB2A024A3FE950015B522 /* StickerEditorVC+Gestures.swift */; };
		1AFAB2A324A3FF7D0015B522 /* stickerEditorVC+Shapes.swift in Sources */ = {isa = PBXBuildFile; fileRef = 1AFAB2A224A3FF7D0015B522 /* stickerEditorVC+Shapes.swift */; };
		1AFAB2A524A400100015B522 /* stickerEditorVC+Drop.swift in Sources */ = {isa = PBXBuildFile; fileRef = 1AFAB2A424A400100015B522 /* stickerEditorVC+Drop.swift */; };
		1AFAB2A924A408B40015B522 /* StickerEditorVC+Paste.swift in Sources */ = {isa = PBXBuildFile; fileRef = 1AFAB2A824A408B40015B522 /* StickerEditorVC+Paste.swift */; };
		1AFBD42824A40D6000D61811 /* quizSticker.xib in Resources */ = {isa = PBXBuildFile; fileRef = 1AFBD42724A40D6000D61811 /* quizSticker.xib */; };
		1AFBD42A24A40D6900D61811 /* QuizSticker.swift in Sources */ = {isa = PBXBuildFile; fileRef = 1AFBD42924A40D6900D61811 /* QuizSticker.swift */; };
		1AFD95FF245CDE630092CF99 /* AppDelegate.swift in Sources */ = {isa = PBXBuildFile; fileRef = 1AFD95FE245CDE630092CF99 /* AppDelegate.swift */; };
		1AFD9604245CDE630092CF99 /* Main.storyboard in Resources */ = {isa = PBXBuildFile; fileRef = 1AFD9602245CDE630092CF99 /* Main.storyboard */; };
		1AFD9606245CDE650092CF99 /* Assets.xcassets in Resources */ = {isa = PBXBuildFile; fileRef = 1AFD9605245CDE650092CF99 /* Assets.xcassets */; };
		1AFD9609245CDE650092CF99 /* LaunchScreen.storyboard in Resources */ = {isa = PBXBuildFile; fileRef = 1AFD9607245CDE650092CF99 /* LaunchScreen.storyboard */; };
		1AFD9612245CE9C90092CF99 /* ModelOfIndexCard.swift in Sources */ = {isa = PBXBuildFile; fileRef = 1AFD9611245CE9C90092CF99 /* ModelOfIndexCard.swift */; };
/* End PBXBuildFile section */

/* Begin PBXFileReference section */
		1A06969D248858AA005AB3FC /* ChooseBackgroundTypeCell.swift */ = {isa = PBXFileReference; fileEncoding = 4; lastKnownFileType = sourcecode.swift; path = ChooseBackgroundTypeCell.swift; sourceTree = "<group>"; };
		1A06969F248858B7005AB3FC /* ChooseBackgroundCollectionViewController.swift */ = {isa = PBXFileReference; fileEncoding = 4; lastKnownFileType = sourcecode.swift; path = ChooseBackgroundCollectionViewController.swift; sourceTree = "<group>"; };
		1A135965246B511A001AE343 /* addDeckButtonView.swift */ = {isa = PBXFileReference; lastKnownFileType = sourcecode.swift; path = addDeckButtonView.swift; sourceTree = "<group>"; };
		1A1B9960245E0ECD0016E050 /* utilities.swift */ = {isa = PBXFileReference; lastKnownFileType = sourcecode.swift; path = utilities.swift; sourceTree = "<group>"; };
		1A2012C5247AD8BB00849A97 /* sticker.xib */ = {isa = PBXFileReference; lastKnownFileType = file.xib; path = sticker.xib; sourceTree = "<group>"; };
		1A26B98D24621DA7000732CB /* ThemeClass.swift */ = {isa = PBXFileReference; lastKnownFileType = sourcecode.swift; path = ThemeClass.swift; sourceTree = "<group>"; };
		1A41241C2496B3F300B3D157 /* DecksViewController.swift */ = {isa = PBXFileReference; fileEncoding = 4; lastKnownFileType = sourcecode.swift; path = DecksViewController.swift; sourceTree = "<group>"; };
		1A41242024980FB700B3D157 /* ZoomTransitionForNavigation.swift */ = {isa = PBXFileReference; lastKnownFileType = sourcecode.swift; path = ZoomTransitionForNavigation.swift; sourceTree = SOURCE_ROOT; };
		1A660578249EAC830000EE50 /* DropView.swift */ = {isa = PBXFileReference; fileEncoding = 4; lastKnownFileType = sourcecode.swift; path = DropView.swift; sourceTree = "<group>"; };
		1A7544D0245F3CAD007229F4 /* DeckOfCardsCell.swift */ = {isa = PBXFileReference; lastKnownFileType = sourcecode.swift; path = DeckOfCardsCell.swift; sourceTree = "<group>"; };
		1A768906249412F10062CF44 /* CardsViewController.swift */ = {isa = PBXFileReference; lastKnownFileType = sourcecode.swift; path = CardsViewController.swift; sourceTree = "<group>"; };
		1A82AEFE246C9716000CF14A /* StickerEditorViewController.swift */ = {isa = PBXFileReference; lastKnownFileType = sourcecode.swift; path = StickerEditorViewController.swift; sourceTree = "<group>"; };
		1A923B082472F49200B4D75B /* CropView.swift */ = {isa = PBXFileReference; lastKnownFileType = sourcecode.swift; path = CropView.swift; sourceTree = "<group>"; };
		1AA8352224689928009D82E9 /* Document.swift */ = {isa = PBXFileReference; fileEncoding = 4; lastKnownFileType = sourcecode.swift; path = Document.swift; sourceTree = "<group>"; };
		1AB049CA24A7DAEB005A7829 /* TextSticker.xib */ = {isa = PBXFileReference; lastKnownFileType = file.xib; path = TextSticker.xib; sourceTree = "<group>"; };
		1AB1214F24A7DCA9002F26AB /* WritingSticker.swift */ = {isa = PBXFileReference; lastKnownFileType = sourcecode.swift; path = WritingSticker.swift; sourceTree = "<group>"; };
		1ABD3EEC249169A20011299E /* StickerObject.swift */ = {isa = PBXFileReference; lastKnownFileType = sourcecode.swift; path = StickerObject.swift; sourceTree = "<group>"; };
		1ADD73BD246DEFAC00A9186A /* ShapeCell.swift */ = {isa = PBXFileReference; lastKnownFileType = sourcecode.swift; path = ShapeCell.swift; sourceTree = "<group>"; };
		1ADD73C1246E041D00A9186A /* StickerCanvas.swift */ = {isa = PBXFileReference; lastKnownFileType = sourcecode.swift; path = StickerCanvas.swift; sourceTree = "<group>"; };
		1ADD73C5246E0F9600A9186A /* TextSticker.swift */ = {isa = PBXFileReference; lastKnownFileType = sourcecode.swift; path = TextSticker.swift; sourceTree = "<group>"; };
		1AE94299248997C700D6A300 /* CircularCollectionViewLayout.swift */ = {isa = PBXFileReference; lastKnownFileType = sourcecode.swift; name = CircularCollectionViewLayout.swift; path = IndexCards/cells/CircularCollectionViewLayout.swift; sourceTree = SOURCE_ROOT; };
		1AEDB8482460B14F00C080B4 /* TransitioningDelegateforEditCardViewController.swift */ = {isa = PBXFileReference; lastKnownFileType = sourcecode.swift; path = TransitioningDelegateforEditCardViewController.swift; sourceTree = "<group>"; };
		1AEDB84A2460B68400C080B4 /* PresentingAnimator.swift */ = {isa = PBXFileReference; lastKnownFileType = sourcecode.swift; path = PresentingAnimator.swift; sourceTree = "<group>"; };
		1AEDB84C2460B69E00C080B4 /* DismissingAnimator.swift */ = {isa = PBXFileReference; lastKnownFileType = sourcecode.swift; path = DismissingAnimator.swift; sourceTree = "<group>"; };
		1AEEC97624A11EE0003AE94F /* CardsVC+DragDrop.swift */ = {isa = PBXFileReference; lastKnownFileType = sourcecode.swift; path = "CardsVC+DragDrop.swift"; sourceTree = "<group>"; };
		1AEEC97824A11F52003AE94F /* CardsVC+ActionMenu.swift */ = {isa = PBXFileReference; lastKnownFileType = sourcecode.swift; path = "CardsVC+ActionMenu.swift"; sourceTree = "<group>"; };
		1AEEC97B24A1225C003AE94F /* CardsVC+Nav.swift */ = {isa = PBXFileReference; lastKnownFileType = sourcecode.swift; path = "CardsVC+Nav.swift"; sourceTree = "<group>"; };
		1AEEC97D24A12581003AE94F /* DecksCV+DragDrop.swift */ = {isa = PBXFileReference; lastKnownFileType = sourcecode.swift; path = "DecksCV+DragDrop.swift"; sourceTree = "<group>"; };
		1AEEC97F24A1266D003AE94F /* DecksCV+ActionMenu.swift */ = {isa = PBXFileReference; lastKnownFileType = sourcecode.swift; path = "DecksCV+ActionMenu.swift"; sourceTree = "<group>"; };
		1AF357282467502C00F5D464 /* AddCardCell.swift */ = {isa = PBXFileReference; lastKnownFileType = sourcecode.swift; path = AddCardCell.swift; sourceTree = "<group>"; };
		1AF9E12B245F7E9500DDD4C0 /* IndexCardViewCell.swift */ = {isa = PBXFileReference; lastKnownFileType = sourcecode.swift; path = IndexCardViewCell.swift; sourceTree = "<group>"; };
		1AFAB29C24A3F9790015B522 /* StickerEditorVC+Keyboard.swift */ = {isa = PBXFileReference; lastKnownFileType = sourcecode.swift; path = "StickerEditorVC+Keyboard.swift"; sourceTree = "<group>"; };
		1AFAB29E24A3FA7C0015B522 /* StickerEditorVC+Drag.swift */ = {isa = PBXFileReference; lastKnownFileType = sourcecode.swift; path = "StickerEditorVC+Drag.swift"; sourceTree = "<group>"; };
		1AFAB2A024A3FE950015B522 /* StickerEditorVC+Gestures.swift */ = {isa = PBXFileReference; lastKnownFileType = sourcecode.swift; path = "StickerEditorVC+Gestures.swift"; sourceTree = "<group>"; };
		1AFAB2A224A3FF7D0015B522 /* stickerEditorVC+Shapes.swift */ = {isa = PBXFileReference; lastKnownFileType = sourcecode.swift; path = "stickerEditorVC+Shapes.swift"; sourceTree = "<group>"; };
		1AFAB2A424A400100015B522 /* stickerEditorVC+Drop.swift */ = {isa = PBXFileReference; lastKnownFileType = sourcecode.swift; path = "stickerEditorVC+Drop.swift"; sourceTree = "<group>"; };
		1AFAB2A824A408B40015B522 /* StickerEditorVC+Paste.swift */ = {isa = PBXFileReference; lastKnownFileType = sourcecode.swift; path = "StickerEditorVC+Paste.swift"; sourceTree = "<group>"; };
		1AFBD42724A40D6000D61811 /* quizSticker.xib */ = {isa = PBXFileReference; fileEncoding = 4; lastKnownFileType = file.xib; path = quizSticker.xib; sourceTree = "<group>"; };
		1AFBD42924A40D6900D61811 /* QuizSticker.swift */ = {isa = PBXFileReference; fileEncoding = 4; lastKnownFileType = sourcecode.swift; path = QuizSticker.swift; sourceTree = "<group>"; };
		1AFD95FB245CDE630092CF99 /* IndexCards.app */ = {isa = PBXFileReference; explicitFileType = wrapper.application; includeInIndex = 0; path = IndexCards.app; sourceTree = BUILT_PRODUCTS_DIR; };
		1AFD95FE245CDE630092CF99 /* AppDelegate.swift */ = {isa = PBXFileReference; lastKnownFileType = sourcecode.swift; path = AppDelegate.swift; sourceTree = "<group>"; };
		1AFD9603245CDE630092CF99 /* Base */ = {isa = PBXFileReference; lastKnownFileType = file.storyboard; name = Base; path = Base.lproj/Main.storyboard; sourceTree = "<group>"; };
		1AFD9605245CDE650092CF99 /* Assets.xcassets */ = {isa = PBXFileReference; lastKnownFileType = folder.assetcatalog; path = Assets.xcassets; sourceTree = "<group>"; };
		1AFD9608245CDE650092CF99 /* Base */ = {isa = PBXFileReference; lastKnownFileType = file.storyboard; name = Base; path = Base.lproj/LaunchScreen.storyboard; sourceTree = "<group>"; };
		1AFD960A245CDE650092CF99 /* Info.plist */ = {isa = PBXFileReference; lastKnownFileType = text.plist.xml; path = Info.plist; sourceTree = "<group>"; };
		1AFD9611245CE9C90092CF99 /* ModelOfIndexCard.swift */ = {isa = PBXFileReference; lastKnownFileType = sourcecode.swift; path = ModelOfIndexCard.swift; sourceTree = "<group>"; };
/* End PBXFileReference section */

/* Begin PBXFrameworksBuildPhase section */
		1AFD95F8245CDE630092CF99 /* Frameworks */ = {
			isa = PBXFrameworksBuildPhase;
			buildActionMask = 2147483647;
			files = (
			);
			runOnlyForDeploymentPostprocessing = 0;
		};
/* End PBXFrameworksBuildPhase section */

/* Begin PBXGroup section */
		1A135967246B59C7001AE343 /* cells */ = {
			isa = PBXGroup;
			children = (
				1A06969D248858AA005AB3FC /* ChooseBackgroundTypeCell.swift */,
				1ADD73BD246DEFAC00A9186A /* ShapeCell.swift */,
				1A7544D0245F3CAD007229F4 /* DeckOfCardsCell.swift */,
				1AF9E12B245F7E9500DDD4C0 /* IndexCardViewCell.swift */,
			);
			path = cells;
			sourceTree = "<group>";
		};
		1A41241E2496B42600B3D157 /* delete */ = {
			isa = PBXGroup;
			children = (
				1A135965246B511A001AE343 /* addDeckButtonView.swift */,
				1AF357282467502C00F5D464 /* AddCardCell.swift */,
			);
			path = delete;
			sourceTree = "<group>";
		};
		1A41241F2496B47B00B3D157 /* zoom transition */ = {
			isa = PBXGroup;
			children = (
				1A41242024980FB700B3D157 /* ZoomTransitionForNavigation.swift */,
				1AEDB8482460B14F00C080B4 /* TransitioningDelegateforEditCardViewController.swift */,
				1AEDB84A2460B68400C080B4 /* PresentingAnimator.swift */,
				1AEDB84C2460B69E00C080B4 /* DismissingAnimator.swift */,
			);
			path = "zoom transition";
			sourceTree = "<group>";
		};
		1ADD73C7246E10A100A9186A /* stickers */ = {
			isa = PBXGroup;
			children = (
				1AFAB2AA24A40C420015B522 /* EditorVC */,
				1AFAB2AB24A40C780015B522 /* StickerObject */,
			);
			path = stickers;
			sourceTree = "<group>";
		};
		1AEEC97A24A120B9003AE94F /* CardsVC */ = {
			isa = PBXGroup;
			children = (
				1A768906249412F10062CF44 /* CardsViewController.swift */,
				1AEEC97624A11EE0003AE94F /* CardsVC+DragDrop.swift */,
				1AEEC97824A11F52003AE94F /* CardsVC+ActionMenu.swift */,
				1AEEC97B24A1225C003AE94F /* CardsVC+Nav.swift */,
			);
			path = CardsVC;
			sourceTree = "<group>";
		};
		1AEEC98124A1280C003AE94F /* DecksVC */ = {
			isa = PBXGroup;
			children = (
				1A41241C2496B3F300B3D157 /* DecksViewController.swift */,
				1AEEC97F24A1266D003AE94F /* DecksCV+ActionMenu.swift */,
				1AEEC97D24A12581003AE94F /* DecksCV+DragDrop.swift */,
			);
			path = DecksVC;
			sourceTree = "<group>";
		};
		1AFAB2AA24A40C420015B522 /* EditorVC */ = {
			isa = PBXGroup;
			children = (
				1A82AEFE246C9716000CF14A /* StickerEditorViewController.swift */,
				1AFAB2A224A3FF7D0015B522 /* stickerEditorVC+Shapes.swift */,
				1AFAB2A024A3FE950015B522 /* StickerEditorVC+Gestures.swift */,
				1AFAB2A824A408B40015B522 /* StickerEditorVC+Paste.swift */,
				1AFAB29E24A3FA7C0015B522 /* StickerEditorVC+Drag.swift */,
				1AFAB2A424A400100015B522 /* stickerEditorVC+Drop.swift */,
				1AFAB29C24A3F9790015B522 /* StickerEditorVC+Keyboard.swift */,
				1ADD73C1246E041D00A9186A /* StickerCanvas.swift */,
			);
			path = EditorVC;
			sourceTree = "<group>";
		};
		1AFAB2AB24A40C780015B522 /* StickerObject */ = {
			isa = PBXGroup;
			children = (
				1ABD3EEC249169A20011299E /* StickerObject.swift */,
				1AFBD42924A40D6900D61811 /* QuizSticker.swift */,
				1ADD73C5246E0F9600A9186A /* TextSticker.swift */,
				1AB1214F24A7DCA9002F26AB /* WritingSticker.swift */,
				1AB049CA24A7DAEB005A7829 /* TextSticker.xib */,
				1AFBD42724A40D6000D61811 /* quizSticker.xib */,
				1A2012C5247AD8BB00849A97 /* sticker.xib */,
			);
			path = StickerObject;
			sourceTree = "<group>";
		};
		1AFD95F2245CDE630092CF99 = {
			isa = PBXGroup;
			children = (
				1AFD95FD245CDE630092CF99 /* IndexCards */,
				1AFD95FC245CDE630092CF99 /* Products */,
			);
			sourceTree = "<group>";
		};
		1AFD95FC245CDE630092CF99 /* Products */ = {
			isa = PBXGroup;
			children = (
				1AFD95FB245CDE630092CF99 /* IndexCards.app */,
			);
			name = Products;
			sourceTree = "<group>";
		};
		1AFD95FD245CDE630092CF99 /* IndexCards */ = {
			isa = PBXGroup;
			children = (
				1AFD9611245CE9C90092CF99 /* ModelOfIndexCard.swift */,
				1AFD9602245CDE630092CF99 /* Main.storyboard */,
				1AEEC98124A1280C003AE94F /* DecksVC */,
				1AEEC97A24A120B9003AE94F /* CardsVC */,
				1A06969F248858B7005AB3FC /* ChooseBackgroundCollectionViewController.swift */,
				1AFD960A245CDE650092CF99 /* Info.plist */,
				1ADD73C7246E10A100A9186A /* stickers */,
				1A135967246B59C7001AE343 /* cells */,
				1AFD9610245CDEB60092CF99 /* support */,
				1A41241E2496B42600B3D157 /* delete */,
			);
			path = IndexCards;
			sourceTree = "<group>";
		};
		1AFD9610245CDEB60092CF99 /* support */ = {
			isa = PBXGroup;
			children = (
				1A41241F2496B47B00B3D157 /* zoom transition */,
				1AE94299248997C700D6A300 /* CircularCollectionViewLayout.swift */,
				1A660578249EAC830000EE50 /* DropView.swift */,
				1A923B082472F49200B4D75B /* CropView.swift */,
				1AA8352224689928009D82E9 /* Document.swift */,
				1A26B98D24621DA7000732CB /* ThemeClass.swift */,
				1AFD95FE245CDE630092CF99 /* AppDelegate.swift */,
				1A1B9960245E0ECD0016E050 /* utilities.swift */,
				1AFD9605245CDE650092CF99 /* Assets.xcassets */,
				1AFD9607245CDE650092CF99 /* LaunchScreen.storyboard */,
			);
			path = support;
			sourceTree = "<group>";
		};
/* End PBXGroup section */

/* Begin PBXNativeTarget section */
		1AFD95FA245CDE630092CF99 /* IndexCards */ = {
			isa = PBXNativeTarget;
			buildConfigurationList = 1AFD960D245CDE650092CF99 /* Build configuration list for PBXNativeTarget "IndexCards" */;
			buildPhases = (
				1AFD95F7245CDE630092CF99 /* Sources */,
				1AFD95F8245CDE630092CF99 /* Frameworks */,
				1AFD95F9245CDE630092CF99 /* Resources */,
			);
			buildRules = (
			);
			dependencies = (
			);
			name = IndexCards;
			productName = IndexCards;
			productReference = 1AFD95FB245CDE630092CF99 /* IndexCards.app */;
			productType = "com.apple.product-type.application";
		};
/* End PBXNativeTarget section */

/* Begin PBXProject section */
		1AFD95F3245CDE630092CF99 /* Project object */ = {
			isa = PBXProject;
			attributes = {
				LastSwiftUpdateCheck = 1010;
				LastUpgradeCheck = 1010;
				ORGANIZATIONNAME = "James Lambert";
				TargetAttributes = {
					1AFD95FA245CDE630092CF99 = {
						CreatedOnToolsVersion = 10.1;
						LastSwiftMigration = 1150;
					};
				};
			};
			buildConfigurationList = 1AFD95F6245CDE630092CF99 /* Build configuration list for PBXProject "IndexCards" */;
			compatibilityVersion = "Xcode 10.0";
			developmentRegion = en;
			hasScannedForEncodings = 0;
			knownRegions = (
				en,
				Base,
			);
			mainGroup = 1AFD95F2245CDE630092CF99;
			productRefGroup = 1AFD95FC245CDE630092CF99 /* Products */;
			projectDirPath = "";
			projectRoot = "";
			targets = (
				1AFD95FA245CDE630092CF99 /* IndexCards */,
			);
		};
/* End PBXProject section */

/* Begin PBXResourcesBuildPhase section */
		1AFD95F9245CDE630092CF99 /* Resources */ = {
			isa = PBXResourcesBuildPhase;
			buildActionMask = 2147483647;
			files = (
				1AB049CB24A7DAEB005A7829 /* TextSticker.xib in Resources */,
				1AFD9609245CDE650092CF99 /* LaunchScreen.storyboard in Resources */,
				1A2012C6247AD8BB00849A97 /* sticker.xib in Resources */,
				1AFD9606245CDE650092CF99 /* Assets.xcassets in Resources */,
				1AFD9604245CDE630092CF99 /* Main.storyboard in Resources */,
				1AFBD42824A40D6000D61811 /* quizSticker.xib in Resources */,
			);
			runOnlyForDeploymentPostprocessing = 0;
		};
/* End PBXResourcesBuildPhase section */

/* Begin PBXSourcesBuildPhase section */
		1AFD95F7245CDE630092CF99 /* Sources */ = {
			isa = PBXSourcesBuildPhase;
			buildActionMask = 2147483647;
			files = (
				1AF357292467502C00F5D464 /* AddCardCell.swift in Sources */,
				1A660579249EAC830000EE50 /* DropView.swift in Sources */,
				1A41241D2496B3F300B3D157 /* DecksViewController.swift in Sources */,
				1A41242124980FB700B3D157 /* ZoomTransitionForNavigation.swift in Sources */,
				1A7544D1245F3CAD007229F4 /* DeckOfCardsCell.swift in Sources */,
				1A923B092472F49200B4D75B /* CropView.swift in Sources */,
				1AEEC97924A11F52003AE94F /* CardsVC+ActionMenu.swift in Sources */,
				1A26B98E24621DA7000732CB /* ThemeClass.swift in Sources */,
				1AB1215024A7DCA9002F26AB /* WritingSticker.swift in Sources */,
				1A82AEFF246C9716000CF14A /* StickerEditorViewController.swift in Sources */,
				1AFAB29D24A3F9790015B522 /* StickerEditorVC+Keyboard.swift in Sources */,
				1AEDB8492460B14F00C080B4 /* TransitioningDelegateforEditCardViewController.swift in Sources */,
				1AEDB84D2460B69E00C080B4 /* DismissingAnimator.swift in Sources */,
				1AA8352324689928009D82E9 /* Document.swift in Sources */,
				1AFBD42A24A40D6900D61811 /* QuizSticker.swift in Sources */,
				1ABD3EED249169A20011299E /* StickerObject.swift in Sources */,
				1A06969E248858AB005AB3FC /* ChooseBackgroundTypeCell.swift in Sources */,
				1AE9429A248997C700D6A300 /* CircularCollectionViewLayout.swift in Sources */,
				1AFAB2A124A3FE950015B522 /* StickerEditorVC+Gestures.swift in Sources */,
				1AFD95FF245CDE630092CF99 /* AppDelegate.swift in Sources */,
				1A1B9961245E0ECD0016E050 /* utilities.swift in Sources */,
				1A135966246B511A001AE343 /* addDeckButtonView.swift in Sources */,
				1AFD9612245CE9C90092CF99 /* ModelOfIndexCard.swift in Sources */,
				1AEEC97E24A12581003AE94F /* DecksCV+DragDrop.swift in Sources */,
				1ADD73BE246DEFAC00A9186A /* ShapeCell.swift in Sources */,
				1A768907249412F10062CF44 /* CardsViewController.swift in Sources */,
				1AEEC97C24A1225C003AE94F /* CardsVC+Nav.swift in Sources */,
				1AFAB2A524A400100015B522 /* stickerEditorVC+Drop.swift in Sources */,
				1A0696A0248858B7005AB3FC /* ChooseBackgroundCollectionViewController.swift in Sources */,
				1AEEC98024A1266D003AE94F /* DecksCV+ActionMenu.swift in Sources */,
				1AFAB29F24A3FA7C0015B522 /* StickerEditorVC+Drag.swift in Sources */,
				1AFAB2A924A408B40015B522 /* StickerEditorVC+Paste.swift in Sources */,
				1ADD73C6246E0F9600A9186A /* TextSticker.swift in Sources */,
				1AF9E12C245F7E9500DDD4C0 /* IndexCardViewCell.swift in Sources */,
				1AFAB2A324A3FF7D0015B522 /* stickerEditorVC+Shapes.swift in Sources */,
				1AEDB84B2460B68400C080B4 /* PresentingAnimator.swift in Sources */,
				1ADD73C2246E041D00A9186A /* StickerCanvas.swift in Sources */,
				1AEEC97724A11EE0003AE94F /* CardsVC+DragDrop.swift in Sources */,
			);
			runOnlyForDeploymentPostprocessing = 0;
		};
/* End PBXSourcesBuildPhase section */

/* Begin PBXVariantGroup section */
		1AFD9602245CDE630092CF99 /* Main.storyboard */ = {
			isa = PBXVariantGroup;
			children = (
				1AFD9603245CDE630092CF99 /* Base */,
			);
			name = Main.storyboard;
			sourceTree = "<group>";
		};
		1AFD9607245CDE650092CF99 /* LaunchScreen.storyboard */ = {
			isa = PBXVariantGroup;
			children = (
				1AFD9608245CDE650092CF99 /* Base */,
			);
			name = LaunchScreen.storyboard;
			sourceTree = "<group>";
		};
/* End PBXVariantGroup section */

/* Begin XCBuildConfiguration section */
		1AFD960B245CDE650092CF99 /* Debug */ = {
			isa = XCBuildConfiguration;
			buildSettings = {
				ALWAYS_SEARCH_USER_PATHS = NO;
				CLANG_ANALYZER_NONNULL = YES;
				CLANG_ANALYZER_NUMBER_OBJECT_CONVERSION = YES_AGGRESSIVE;
				CLANG_CXX_LANGUAGE_STANDARD = "gnu++14";
				CLANG_CXX_LIBRARY = "libc++";
				CLANG_ENABLE_MODULES = YES;
				CLANG_ENABLE_OBJC_ARC = YES;
				CLANG_ENABLE_OBJC_WEAK = YES;
				CLANG_WARN_BLOCK_CAPTURE_AUTORELEASING = YES;
				CLANG_WARN_BOOL_CONVERSION = YES;
				CLANG_WARN_COMMA = YES;
				CLANG_WARN_CONSTANT_CONVERSION = YES;
				CLANG_WARN_DEPRECATED_OBJC_IMPLEMENTATIONS = YES;
				CLANG_WARN_DIRECT_OBJC_ISA_USAGE = YES_ERROR;
				CLANG_WARN_DOCUMENTATION_COMMENTS = YES;
				CLANG_WARN_EMPTY_BODY = YES;
				CLANG_WARN_ENUM_CONVERSION = YES;
				CLANG_WARN_INFINITE_RECURSION = YES;
				CLANG_WARN_INT_CONVERSION = YES;
				CLANG_WARN_NON_LITERAL_NULL_CONVERSION = YES;
				CLANG_WARN_OBJC_IMPLICIT_RETAIN_SELF = YES;
				CLANG_WARN_OBJC_LITERAL_CONVERSION = YES;
				CLANG_WARN_OBJC_ROOT_CLASS = YES_ERROR;
				CLANG_WARN_RANGE_LOOP_ANALYSIS = YES;
				CLANG_WARN_STRICT_PROTOTYPES = YES;
				CLANG_WARN_SUSPICIOUS_MOVE = YES;
				CLANG_WARN_UNGUARDED_AVAILABILITY = YES_AGGRESSIVE;
				CLANG_WARN_UNREACHABLE_CODE = YES;
				CLANG_WARN__DUPLICATE_METHOD_MATCH = YES;
				CODE_SIGN_IDENTITY = "iPhone Developer";
				COPY_PHASE_STRIP = NO;
				DEBUG_INFORMATION_FORMAT = dwarf;
				ENABLE_STRICT_OBJC_MSGSEND = YES;
				ENABLE_TESTABILITY = YES;
				GCC_C_LANGUAGE_STANDARD = gnu11;
				GCC_DYNAMIC_NO_PIC = NO;
				GCC_NO_COMMON_BLOCKS = YES;
				GCC_OPTIMIZATION_LEVEL = 0;
				GCC_PREPROCESSOR_DEFINITIONS = (
					"DEBUG=1",
					"$(inherited)",
				);
				GCC_WARN_64_TO_32_BIT_CONVERSION = YES;
				GCC_WARN_ABOUT_RETURN_TYPE = YES_ERROR;
				GCC_WARN_UNDECLARED_SELECTOR = YES;
				GCC_WARN_UNINITIALIZED_AUTOS = YES_AGGRESSIVE;
				GCC_WARN_UNUSED_FUNCTION = YES;
				GCC_WARN_UNUSED_VARIABLE = YES;
				IPHONEOS_DEPLOYMENT_TARGET = 12.4;
				MTL_ENABLE_DEBUG_INFO = INCLUDE_SOURCE;
				MTL_FAST_MATH = YES;
				ONLY_ACTIVE_ARCH = YES;
				SDKROOT = iphoneos;
				SWIFT_ACTIVE_COMPILATION_CONDITIONS = DEBUG;
				SWIFT_OPTIMIZATION_LEVEL = "-Onone";
			};
			name = Debug;
		};
		1AFD960C245CDE650092CF99 /* Release */ = {
			isa = XCBuildConfiguration;
			buildSettings = {
				ALWAYS_SEARCH_USER_PATHS = NO;
				CLANG_ANALYZER_NONNULL = YES;
				CLANG_ANALYZER_NUMBER_OBJECT_CONVERSION = YES_AGGRESSIVE;
				CLANG_CXX_LANGUAGE_STANDARD = "gnu++14";
				CLANG_CXX_LIBRARY = "libc++";
				CLANG_ENABLE_MODULES = YES;
				CLANG_ENABLE_OBJC_ARC = YES;
				CLANG_ENABLE_OBJC_WEAK = YES;
				CLANG_WARN_BLOCK_CAPTURE_AUTORELEASING = YES;
				CLANG_WARN_BOOL_CONVERSION = YES;
				CLANG_WARN_COMMA = YES;
				CLANG_WARN_CONSTANT_CONVERSION = YES;
				CLANG_WARN_DEPRECATED_OBJC_IMPLEMENTATIONS = YES;
				CLANG_WARN_DIRECT_OBJC_ISA_USAGE = YES_ERROR;
				CLANG_WARN_DOCUMENTATION_COMMENTS = YES;
				CLANG_WARN_EMPTY_BODY = YES;
				CLANG_WARN_ENUM_CONVERSION = YES;
				CLANG_WARN_INFINITE_RECURSION = YES;
				CLANG_WARN_INT_CONVERSION = YES;
				CLANG_WARN_NON_LITERAL_NULL_CONVERSION = YES;
				CLANG_WARN_OBJC_IMPLICIT_RETAIN_SELF = YES;
				CLANG_WARN_OBJC_LITERAL_CONVERSION = YES;
				CLANG_WARN_OBJC_ROOT_CLASS = YES_ERROR;
				CLANG_WARN_RANGE_LOOP_ANALYSIS = YES;
				CLANG_WARN_STRICT_PROTOTYPES = YES;
				CLANG_WARN_SUSPICIOUS_MOVE = YES;
				CLANG_WARN_UNGUARDED_AVAILABILITY = YES_AGGRESSIVE;
				CLANG_WARN_UNREACHABLE_CODE = YES;
				CLANG_WARN__DUPLICATE_METHOD_MATCH = YES;
				CODE_SIGN_IDENTITY = "iPhone Developer";
				COPY_PHASE_STRIP = NO;
				DEBUG_INFORMATION_FORMAT = "dwarf-with-dsym";
				ENABLE_NS_ASSERTIONS = NO;
				ENABLE_STRICT_OBJC_MSGSEND = YES;
				GCC_C_LANGUAGE_STANDARD = gnu11;
				GCC_NO_COMMON_BLOCKS = YES;
				GCC_WARN_64_TO_32_BIT_CONVERSION = YES;
				GCC_WARN_ABOUT_RETURN_TYPE = YES_ERROR;
				GCC_WARN_UNDECLARED_SELECTOR = YES;
				GCC_WARN_UNINITIALIZED_AUTOS = YES_AGGRESSIVE;
				GCC_WARN_UNUSED_FUNCTION = YES;
				GCC_WARN_UNUSED_VARIABLE = YES;
				IPHONEOS_DEPLOYMENT_TARGET = 12.4;
				MTL_ENABLE_DEBUG_INFO = NO;
				MTL_FAST_MATH = YES;
				SDKROOT = iphoneos;
				SWIFT_COMPILATION_MODE = wholemodule;
				SWIFT_OPTIMIZATION_LEVEL = "-O";
				VALIDATE_PRODUCT = YES;
			};
			name = Release;
		};
		1AFD960E245CDE650092CF99 /* Debug */ = {
			isa = XCBuildConfiguration;
			buildSettings = {
				ASSETCATALOG_COMPILER_APPICON_NAME = AppIcon;
				CODE_SIGN_STYLE = Automatic;
				DEVELOPMENT_TEAM = 3F7MQRNEB5;
				INFOPLIST_FILE = IndexCards/Info.plist;
				LD_RUNPATH_SEARCH_PATHS = (
					"$(inherited)",
					"@executable_path/Frameworks",
				);
				PRODUCT_BUNDLE_IDENTIFIER = com.jameslambert.IndexCards;
				PRODUCT_NAME = "$(TARGET_NAME)";
				SWIFT_VERSION = 5.0;
				TARGETED_DEVICE_FAMILY = "1,2";
			};
			name = Debug;
		};
		1AFD960F245CDE650092CF99 /* Release */ = {
			isa = XCBuildConfiguration;
			buildSettings = {
				ASSETCATALOG_COMPILER_APPICON_NAME = AppIcon;
				CODE_SIGN_STYLE = Automatic;
				DEVELOPMENT_TEAM = 3F7MQRNEB5;
				INFOPLIST_FILE = IndexCards/Info.plist;
				LD_RUNPATH_SEARCH_PATHS = (
					"$(inherited)",
					"@executable_path/Frameworks",
				);
				PRODUCT_BUNDLE_IDENTIFIER = com.jameslambert.IndexCards;
				PRODUCT_NAME = "$(TARGET_NAME)";
				SWIFT_VERSION = 5.0;
				TARGETED_DEVICE_FAMILY = "1,2";
			};
			name = Release;
		};
/* End XCBuildConfiguration section */

/* Begin XCConfigurationList section */
		1AFD95F6245CDE630092CF99 /* Build configuration list for PBXProject "IndexCards" */ = {
			isa = XCConfigurationList;
			buildConfigurations = (
				1AFD960B245CDE650092CF99 /* Debug */,
				1AFD960C245CDE650092CF99 /* Release */,
			);
			defaultConfigurationIsVisible = 0;
			defaultConfigurationName = Debug;
		};
		1AFD960D245CDE650092CF99 /* Build configuration list for PBXNativeTarget "IndexCards" */ = {
			isa = XCConfigurationList;
			buildConfigurations = (
				1AFD960E245CDE650092CF99 /* Debug */,
				1AFD960F245CDE650092CF99 /* Release */,
			);
			defaultConfigurationIsVisible = 0;
			defaultConfigurationName = Debug;
		};
/* End XCConfigurationList section */
	};
	rootObject = 1AFD95F3245CDE630092CF99 /* Project object */;
}
