// !$*UTF8*$!
{
	archiveVersion = 1;
	classes = {
	};
	objectVersion = 50;
	objects = {

/* Begin PBXBuildFile section */
		1A1B9961245E0ECD0016E050 /* utilities.swift in Sources */ = {isa = PBXBuildFile; fileRef = 1A1B9960245E0ECD0016E050 /* utilities.swift */; };
		1A26B98E24621DA7000732CB /* ThemeClass.swift in Sources */ = {isa = PBXBuildFile; fileRef = 1A26B98D24621DA7000732CB /* ThemeClass.swift */; };
		1A7544CD245F1C20007229F4 /* DecksCollectionViewController.swift in Sources */ = {isa = PBXBuildFile; fileRef = 1A7544CC245F1C20007229F4 /* DecksCollectionViewController.swift */; };
		1A7544CF245F1D93007229F4 /* IndexCardsCollectionViewController.swift in Sources */ = {isa = PBXBuildFile; fileRef = 1A7544CE245F1D93007229F4 /* IndexCardsCollectionViewController.swift */; };
		1A7544D1245F3CAD007229F4 /* DeckOfCardsCell.swift in Sources */ = {isa = PBXBuildFile; fileRef = 1A7544D0245F3CAD007229F4 /* DeckOfCardsCell.swift */; };
		1AEDB847246076E700C080B4 /* zoomSegue.swift in Sources */ = {isa = PBXBuildFile; fileRef = 1AEDB846246076E700C080B4 /* zoomSegue.swift */; };
		1AEDB8492460B14F00C080B4 /* TransitioningDelegateforEditCardViewController.swift in Sources */ = {isa = PBXBuildFile; fileRef = 1AEDB8482460B14F00C080B4 /* TransitioningDelegateforEditCardViewController.swift */; };
		1AEDB84B2460B68400C080B4 /* PresentingAnimator.swift in Sources */ = {isa = PBXBuildFile; fileRef = 1AEDB84A2460B68400C080B4 /* PresentingAnimator.swift */; };
		1AEDB84D2460B69E00C080B4 /* DismissingAnimator.swift in Sources */ = {isa = PBXBuildFile; fileRef = 1AEDB84C2460B69E00C080B4 /* DismissingAnimator.swift */; };
		1AF357272467359500F5D464 /* NewDeckCellCollectionViewCell.swift in Sources */ = {isa = PBXBuildFile; fileRef = 1AF357262467359500F5D464 /* NewDeckCellCollectionViewCell.swift */; };
		1AF357292467502C00F5D464 /* AddCardCell.swift in Sources */ = {isa = PBXBuildFile; fileRef = 1AF357282467502C00F5D464 /* AddCardCell.swift */; };
		1AF9E12C245F7E9500DDD4C0 /* IndexCardViewCell.swift in Sources */ = {isa = PBXBuildFile; fileRef = 1AF9E12B245F7E9500DDD4C0 /* IndexCardViewCell.swift */; };
		1AFD95FF245CDE630092CF99 /* AppDelegate.swift in Sources */ = {isa = PBXBuildFile; fileRef = 1AFD95FE245CDE630092CF99 /* AppDelegate.swift */; };
		1AFD9601245CDE630092CF99 /* EditIndexCardViewController.swift in Sources */ = {isa = PBXBuildFile; fileRef = 1AFD9600245CDE630092CF99 /* EditIndexCardViewController.swift */; };
		1AFD9604245CDE630092CF99 /* Main.storyboard in Resources */ = {isa = PBXBuildFile; fileRef = 1AFD9602245CDE630092CF99 /* Main.storyboard */; };
		1AFD9606245CDE650092CF99 /* Assets.xcassets in Resources */ = {isa = PBXBuildFile; fileRef = 1AFD9605245CDE650092CF99 /* Assets.xcassets */; };
		1AFD9609245CDE650092CF99 /* LaunchScreen.storyboard in Resources */ = {isa = PBXBuildFile; fileRef = 1AFD9607245CDE650092CF99 /* LaunchScreen.storyboard */; };
		1AFD9612245CE9C90092CF99 /* ModelOfIndexCard.swift in Sources */ = {isa = PBXBuildFile; fileRef = 1AFD9611245CE9C90092CF99 /* ModelOfIndexCard.swift */; };
/* End PBXBuildFile section */

/* Begin PBXFileReference section */
		1A1B9960245E0ECD0016E050 /* utilities.swift */ = {isa = PBXFileReference; lastKnownFileType = sourcecode.swift; path = utilities.swift; sourceTree = "<group>"; };
		1A26B98D24621DA7000732CB /* ThemeClass.swift */ = {isa = PBXFileReference; lastKnownFileType = sourcecode.swift; path = ThemeClass.swift; sourceTree = "<group>"; };
		1A7544CC245F1C20007229F4 /* DecksCollectionViewController.swift */ = {isa = PBXFileReference; lastKnownFileType = sourcecode.swift; path = DecksCollectionViewController.swift; sourceTree = "<group>"; };
		1A7544CE245F1D93007229F4 /* IndexCardsCollectionViewController.swift */ = {isa = PBXFileReference; lastKnownFileType = sourcecode.swift; path = IndexCardsCollectionViewController.swift; sourceTree = "<group>"; };
		1A7544D0245F3CAD007229F4 /* DeckOfCardsCell.swift */ = {isa = PBXFileReference; lastKnownFileType = sourcecode.swift; path = DeckOfCardsCell.swift; sourceTree = "<group>"; };
		1AEDB846246076E700C080B4 /* zoomSegue.swift */ = {isa = PBXFileReference; lastKnownFileType = sourcecode.swift; path = zoomSegue.swift; sourceTree = "<group>"; };
		1AEDB8482460B14F00C080B4 /* TransitioningDelegateforEditCardViewController.swift */ = {isa = PBXFileReference; lastKnownFileType = sourcecode.swift; path = TransitioningDelegateforEditCardViewController.swift; sourceTree = "<group>"; };
		1AEDB84A2460B68400C080B4 /* PresentingAnimator.swift */ = {isa = PBXFileReference; lastKnownFileType = sourcecode.swift; path = PresentingAnimator.swift; sourceTree = "<group>"; };
		1AEDB84C2460B69E00C080B4 /* DismissingAnimator.swift */ = {isa = PBXFileReference; lastKnownFileType = sourcecode.swift; path = DismissingAnimator.swift; sourceTree = "<group>"; };
		1AF357262467359500F5D464 /* NewDeckCellCollectionViewCell.swift */ = {isa = PBXFileReference; lastKnownFileType = sourcecode.swift; path = NewDeckCellCollectionViewCell.swift; sourceTree = "<group>"; };
		1AF357282467502C00F5D464 /* AddCardCell.swift */ = {isa = PBXFileReference; lastKnownFileType = sourcecode.swift; path = AddCardCell.swift; sourceTree = "<group>"; };
		1AF9E12B245F7E9500DDD4C0 /* IndexCardViewCell.swift */ = {isa = PBXFileReference; lastKnownFileType = sourcecode.swift; path = IndexCardViewCell.swift; sourceTree = "<group>"; };
		1AFD95FB245CDE630092CF99 /* IndexCards.app */ = {isa = PBXFileReference; explicitFileType = wrapper.application; includeInIndex = 0; path = IndexCards.app; sourceTree = BUILT_PRODUCTS_DIR; };
		1AFD95FE245CDE630092CF99 /* AppDelegate.swift */ = {isa = PBXFileReference; lastKnownFileType = sourcecode.swift; path = AppDelegate.swift; sourceTree = "<group>"; };
		1AFD9600245CDE630092CF99 /* EditIndexCardViewController.swift */ = {isa = PBXFileReference; lastKnownFileType = sourcecode.swift; path = EditIndexCardViewController.swift; sourceTree = "<group>"; };
		1AFD9603245CDE630092CF99 /* Base */ = {isa = PBXFileReference; lastKnownFileType = file.storyboard; name = Base; path = Base.lproj/Main.storyboard; sourceTree = "<group>"; };
		1AFD9605245CDE650092CF99 /* Assets.xcassets */ = {isa = PBXFileReference; lastKnownFileType = folder.assetcatalog; path = Assets.xcassets; sourceTree = "<group>"; };
		1AFD9608245CDE650092CF99 /* Base */ = {isa = PBXFileReference; lastKnownFileType = file.storyboard; name = Base; path = Base.lproj/LaunchScreen.storyboard; sourceTree = "<group>"; };
		1AFD960A245CDE650092CF99 /* Info.plist */ = {isa = PBXFileReference; lastKnownFileType = text.plist.xml; path = Info.plist; sourceTree = "<group>"; };
		1AFD9611245CE9C90092CF99 /* ModelOfIndexCard.swift */ = {isa = PBXFileReference; lastKnownFileType = sourcecode.swift; path = ModelOfIndexCard.swift; sourceTree = "<group>"; };
/* End PBXFileReference section */

/* Begin PBXFrameworksBuildPhase section */
		1AFD95F8245CDE630092CF99 /* Frameworks */ = {
			isa = PBXFrameworksBuildPhase;
			buildActionMask = 2147483647;
			files = (
			);
			runOnlyForDeploymentPostprocessing = 0;
		};
/* End PBXFrameworksBuildPhase section */

/* Begin PBXGroup section */
		1AFD95F2245CDE630092CF99 = {
			isa = PBXGroup;
			children = (
				1AFD95FD245CDE630092CF99 /* IndexCards */,
				1AFD95FC245CDE630092CF99 /* Products */,
			);
			sourceTree = "<group>";
		};
		1AFD95FC245CDE630092CF99 /* Products */ = {
			isa = PBXGroup;
			children = (
				1AFD95FB245CDE630092CF99 /* IndexCards.app */,
			);
			name = Products;
			sourceTree = "<group>";
		};
		1AFD95FD245CDE630092CF99 /* IndexCards */ = {
			isa = PBXGroup;
			children = (
				1AFD9602245CDE630092CF99 /* Main.storyboard */,
				1AFD9600245CDE630092CF99 /* EditIndexCardViewController.swift */,
				1A7544CC245F1C20007229F4 /* DecksCollectionViewController.swift */,
				1A7544CE245F1D93007229F4 /* IndexCardsCollectionViewController.swift */,
				1A7544D0245F3CAD007229F4 /* DeckOfCardsCell.swift */,
				1AF357262467359500F5D464 /* NewDeckCellCollectionViewCell.swift */,
				1AF9E12B245F7E9500DDD4C0 /* IndexCardViewCell.swift */,
				1AF357282467502C00F5D464 /* AddCardCell.swift */,
				1AFD9611245CE9C90092CF99 /* ModelOfIndexCard.swift */,
				1AFD960A245CDE650092CF99 /* Info.plist */,
				1AFD9610245CDEB60092CF99 /* support */,
			);
			path = IndexCards;
			sourceTree = "<group>";
		};
		1AFD9610245CDEB60092CF99 /* support */ = {
			isa = PBXGroup;
			children = (
				1A1B9960245E0ECD0016E050 /* utilities.swift */,
				1AEDB846246076E700C080B4 /* zoomSegue.swift */,
				1A26B98D24621DA7000732CB /* ThemeClass.swift */,
				1AEDB8482460B14F00C080B4 /* TransitioningDelegateforEditCardViewController.swift */,
				1AEDB84A2460B68400C080B4 /* PresentingAnimator.swift */,
				1AEDB84C2460B69E00C080B4 /* DismissingAnimator.swift */,
				1AFD95FE245CDE630092CF99 /* AppDelegate.swift */,
				1AFD9605245CDE650092CF99 /* Assets.xcassets */,
				1AFD9607245CDE650092CF99 /* LaunchScreen.storyboard */,
			);
			path = support;
			sourceTree = "<group>";
		};
/* End PBXGroup section */

/* Begin PBXNativeTarget section */
		1AFD95FA245CDE630092CF99 /* IndexCards */ = {
			isa = PBXNativeTarget;
			buildConfigurationList = 1AFD960D245CDE650092CF99 /* Build configuration list for PBXNativeTarget "IndexCards" */;
			buildPhases = (
				1AFD95F7245CDE630092CF99 /* Sources */,
				1AFD95F8245CDE630092CF99 /* Frameworks */,
				1AFD95F9245CDE630092CF99 /* Resources */,
			);
			buildRules = (
			);
			dependencies = (
			);
			name = IndexCards;
			productName = IndexCards;
			productReference = 1AFD95FB245CDE630092CF99 /* IndexCards.app */;
			productType = "com.apple.product-type.application";
		};
/* End PBXNativeTarget section */

/* Begin PBXProject section */
		1AFD95F3245CDE630092CF99 /* Project object */ = {
			isa = PBXProject;
			attributes = {
				LastSwiftUpdateCheck = 1010;
				LastUpgradeCheck = 1010;
				ORGANIZATIONNAME = "James Lambert";
				TargetAttributes = {
					1AFD95FA245CDE630092CF99 = {
						CreatedOnToolsVersion = 10.1;
					};
				};
			};
			buildConfigurationList = 1AFD95F6245CDE630092CF99 /* Build configuration list for PBXProject "IndexCards" */;
			compatibilityVersion = "Xcode 9.3";
			developmentRegion = en;
			hasScannedForEncodings = 0;
			knownRegions = (
				en,
				Base,
			);
			mainGroup = 1AFD95F2245CDE630092CF99;
			productRefGroup = 1AFD95FC245CDE630092CF99 /* Products */;
			projectDirPath = "";
			projectRoot = "";
			targets = (
				1AFD95FA245CDE630092CF99 /* IndexCards */,
			);
		};
/* End PBXProject section */

/* Begin PBXResourcesBuildPhase section */
		1AFD95F9245CDE630092CF99 /* Resources */ = {
			isa = PBXResourcesBuildPhase;
			buildActionMask = 2147483647;
			files = (
				1AFD9609245CDE650092CF99 /* LaunchScreen.storyboard in Resources */,
				1AFD9606245CDE650092CF99 /* Assets.xcassets in Resources */,
				1AFD9604245CDE630092CF99 /* Main.storyboard in Resources */,
			);
			runOnlyForDeploymentPostprocessing = 0;
		};
/* End PBXResourcesBuildPhase section */

/* Begin PBXSourcesBuildPhase section */
		1AFD95F7245CDE630092CF99 /* Sources */ = {
			isa = PBXSourcesBuildPhase;
			buildActionMask = 2147483647;
			files = (
				1AFD9601245CDE630092CF99 /* EditIndexCardViewController.swift in Sources */,
				1AF357292467502C00F5D464 /* AddCardCell.swift in Sources */,
				1A7544D1245F3CAD007229F4 /* DeckOfCardsCell.swift in Sources */,
				1A7544CF245F1D93007229F4 /* IndexCardsCollectionViewController.swift in Sources */,
				1A26B98E24621DA7000732CB /* ThemeClass.swift in Sources */,
				1AF357272467359500F5D464 /* NewDeckCellCollectionViewCell.swift in Sources */,
				1AEDB8492460B14F00C080B4 /* TransitioningDelegateforEditCardViewController.swift in Sources */,
				1AEDB84D2460B69E00C080B4 /* DismissingAnimator.swift in Sources */,
				1A7544CD245F1C20007229F4 /* DecksCollectionViewController.swift in Sources */,
				1AFD95FF245CDE630092CF99 /* AppDelegate.swift in Sources */,
				1A1B9961245E0ECD0016E050 /* utilities.swift in Sources */,
				1AFD9612245CE9C90092CF99 /* ModelOfIndexCard.swift in Sources */,
				1AEDB847246076E700C080B4 /* zoomSegue.swift in Sources */,
				1AF9E12C245F7E9500DDD4C0 /* IndexCardViewCell.swift in Sources */,
				1AEDB84B2460B68400C080B4 /* PresentingAnimator.swift in Sources */,
			);
			runOnlyForDeploymentPostprocessing = 0;
		};
/* End PBXSourcesBuildPhase section */

/* Begin PBXVariantGroup section */
		1AFD9602245CDE630092CF99 /* Main.storyboard */ = {
			isa = PBXVariantGroup;
			children = (
				1AFD9603245CDE630092CF99 /* Base */,
			);
			name = Main.storyboard;
			sourceTree = "<group>";
		};
		1AFD9607245CDE650092CF99 /* LaunchScreen.storyboard */ = {
			isa = PBXVariantGroup;
			children = (
				1AFD9608245CDE650092CF99 /* Base */,
			);
			name = LaunchScreen.storyboard;
			sourceTree = "<group>";
		};
/* End PBXVariantGroup section */

/* Begin XCBuildConfiguration section */
		1AFD960B245CDE650092CF99 /* Debug */ = {
			isa = XCBuildConfiguration;
			buildSettings = {
				ALWAYS_SEARCH_USER_PATHS = NO;
				CLANG_ANALYZER_NONNULL = YES;
				CLANG_ANALYZER_NUMBER_OBJECT_CONVERSION = YES_AGGRESSIVE;
				CLANG_CXX_LANGUAGE_STANDARD = "gnu++14";
				CLANG_CXX_LIBRARY = "libc++";
				CLANG_ENABLE_MODULES = YES;
				CLANG_ENABLE_OBJC_ARC = YES;
				CLANG_ENABLE_OBJC_WEAK = YES;
				CLANG_WARN_BLOCK_CAPTURE_AUTORELEASING = YES;
				CLANG_WARN_BOOL_CONVERSION = YES;
				CLANG_WARN_COMMA = YES;
				CLANG_WARN_CONSTANT_CONVERSION = YES;
				CLANG_WARN_DEPRECATED_OBJC_IMPLEMENTATIONS = YES;
				CLANG_WARN_DIRECT_OBJC_ISA_USAGE = YES_ERROR;
				CLANG_WARN_DOCUMENTATION_COMMENTS = YES;
				CLANG_WARN_EMPTY_BODY = YES;
				CLANG_WARN_ENUM_CONVERSION = YES;
				CLANG_WARN_INFINITE_RECURSION = YES;
				CLANG_WARN_INT_CONVERSION = YES;
				CLANG_WARN_NON_LITERAL_NULL_CONVERSION = YES;
				CLANG_WARN_OBJC_IMPLICIT_RETAIN_SELF = YES;
				CLANG_WARN_OBJC_LITERAL_CONVERSION = YES;
				CLANG_WARN_OBJC_ROOT_CLASS = YES_ERROR;
				CLANG_WARN_RANGE_LOOP_ANALYSIS = YES;
				CLANG_WARN_STRICT_PROTOTYPES = YES;
				CLANG_WARN_SUSPICIOUS_MOVE = YES;
				CLANG_WARN_UNGUARDED_AVAILABILITY = YES_AGGRESSIVE;
				CLANG_WARN_UNREACHABLE_CODE = YES;
				CLANG_WARN__DUPLICATE_METHOD_MATCH = YES;
				CODE_SIGN_IDENTITY = "iPhone Developer";
				COPY_PHASE_STRIP = NO;
				DEBUG_INFORMATION_FORMAT = dwarf;
				ENABLE_STRICT_OBJC_MSGSEND = YES;
				ENABLE_TESTABILITY = YES;
				GCC_C_LANGUAGE_STANDARD = gnu11;
				GCC_DYNAMIC_NO_PIC = NO;
				GCC_NO_COMMON_BLOCKS = YES;
				GCC_OPTIMIZATION_LEVEL = 0;
				GCC_PREPROCESSOR_DEFINITIONS = (
					"DEBUG=1",
					"$(inherited)",
				);
				GCC_WARN_64_TO_32_BIT_CONVERSION = YES;
				GCC_WARN_ABOUT_RETURN_TYPE = YES_ERROR;
				GCC_WARN_UNDECLARED_SELECTOR = YES;
				GCC_WARN_UNINITIALIZED_AUTOS = YES_AGGRESSIVE;
				GCC_WARN_UNUSED_FUNCTION = YES;
				GCC_WARN_UNUSED_VARIABLE = YES;
				IPHONEOS_DEPLOYMENT_TARGET = 12.1;
				MTL_ENABLE_DEBUG_INFO = INCLUDE_SOURCE;
				MTL_FAST_MATH = YES;
				ONLY_ACTIVE_ARCH = YES;
				SDKROOT = iphoneos;
				SWIFT_ACTIVE_COMPILATION_CONDITIONS = DEBUG;
				SWIFT_OPTIMIZATION_LEVEL = "-Onone";
			};
			name = Debug;
		};
		1AFD960C245CDE650092CF99 /* Release */ = {
			isa = XCBuildConfiguration;
			buildSettings = {
				ALWAYS_SEARCH_USER_PATHS = NO;
				CLANG_ANALYZER_NONNULL = YES;
				CLANG_ANALYZER_NUMBER_OBJECT_CONVERSION = YES_AGGRESSIVE;
				CLANG_CXX_LANGUAGE_STANDARD = "gnu++14";
				CLANG_CXX_LIBRARY = "libc++";
				CLANG_ENABLE_MODULES = YES;
				CLANG_ENABLE_OBJC_ARC = YES;
				CLANG_ENABLE_OBJC_WEAK = YES;
				CLANG_WARN_BLOCK_CAPTURE_AUTORELEASING = YES;
				CLANG_WARN_BOOL_CONVERSION = YES;
				CLANG_WARN_COMMA = YES;
				CLANG_WARN_CONSTANT_CONVERSION = YES;
				CLANG_WARN_DEPRECATED_OBJC_IMPLEMENTATIONS = YES;
				CLANG_WARN_DIRECT_OBJC_ISA_USAGE = YES_ERROR;
				CLANG_WARN_DOCUMENTATION_COMMENTS = YES;
				CLANG_WARN_EMPTY_BODY = YES;
				CLANG_WARN_ENUM_CONVERSION = YES;
				CLANG_WARN_INFINITE_RECURSION = YES;
				CLANG_WARN_INT_CONVERSION = YES;
				CLANG_WARN_NON_LITERAL_NULL_CONVERSION = YES;
				CLANG_WARN_OBJC_IMPLICIT_RETAIN_SELF = YES;
				CLANG_WARN_OBJC_LITERAL_CONVERSION = YES;
				CLANG_WARN_OBJC_ROOT_CLASS = YES_ERROR;
				CLANG_WARN_RANGE_LOOP_ANALYSIS = YES;
				CLANG_WARN_STRICT_PROTOTYPES = YES;
				CLANG_WARN_SUSPICIOUS_MOVE = YES;
				CLANG_WARN_UNGUARDED_AVAILABILITY = YES_AGGRESSIVE;
				CLANG_WARN_UNREACHABLE_CODE = YES;
				CLANG_WARN__DUPLICATE_METHOD_MATCH = YES;
				CODE_SIGN_IDENTITY = "iPhone Developer";
				COPY_PHASE_STRIP = NO;
				DEBUG_INFORMATION_FORMAT = "dwarf-with-dsym";
				ENABLE_NS_ASSERTIONS = NO;
				ENABLE_STRICT_OBJC_MSGSEND = YES;
				GCC_C_LANGUAGE_STANDARD = gnu11;
				GCC_NO_COMMON_BLOCKS = YES;
				GCC_WARN_64_TO_32_BIT_CONVERSION = YES;
				GCC_WARN_ABOUT_RETURN_TYPE = YES_ERROR;
				GCC_WARN_UNDECLARED_SELECTOR = YES;
				GCC_WARN_UNINITIALIZED_AUTOS = YES_AGGRESSIVE;
				GCC_WARN_UNUSED_FUNCTION = YES;
				GCC_WARN_UNUSED_VARIABLE = YES;
				IPHONEOS_DEPLOYMENT_TARGET = 12.1;
				MTL_ENABLE_DEBUG_INFO = NO;
				MTL_FAST_MATH = YES;
				SDKROOT = iphoneos;
				SWIFT_COMPILATION_MODE = wholemodule;
				SWIFT_OPTIMIZATION_LEVEL = "-O";
				VALIDATE_PRODUCT = YES;
			};
			name = Release;
		};
		1AFD960E245CDE650092CF99 /* Debug */ = {
			isa = XCBuildConfiguration;
			buildSettings = {
				ASSETCATALOG_COMPILER_APPICON_NAME = AppIcon;
				CODE_SIGN_STYLE = Automatic;
				DEVELOPMENT_TEAM = 3F7MQRNEB5;
				INFOPLIST_FILE = IndexCards/Info.plist;
				LD_RUNPATH_SEARCH_PATHS = (
					"$(inherited)",
					"@executable_path/Frameworks",
				);
				PRODUCT_BUNDLE_IDENTIFIER = com.jameslambert.IndexCards;
				PRODUCT_NAME = "$(TARGET_NAME)";
				SWIFT_VERSION = 4.2;
				TARGETED_DEVICE_FAMILY = "1,2";
			};
			name = Debug;
		};
		1AFD960F245CDE650092CF99 /* Release */ = {
			isa = XCBuildConfiguration;
			buildSettings = {
				ASSETCATALOG_COMPILER_APPICON_NAME = AppIcon;
				CODE_SIGN_STYLE = Automatic;
				DEVELOPMENT_TEAM = 3F7MQRNEB5;
				INFOPLIST_FILE = IndexCards/Info.plist;
				LD_RUNPATH_SEARCH_PATHS = (
					"$(inherited)",
					"@executable_path/Frameworks",
				);
				PRODUCT_BUNDLE_IDENTIFIER = com.jameslambert.IndexCards;
				PRODUCT_NAME = "$(TARGET_NAME)";
				SWIFT_VERSION = 4.2;
				TARGETED_DEVICE_FAMILY = "1,2";
			};
			name = Release;
		};
/* End XCBuildConfiguration section */

/* Begin XCConfigurationList section */
		1AFD95F6245CDE630092CF99 /* Build configuration list for PBXProject "IndexCards" */ = {
			isa = XCConfigurationList;
			buildConfigurations = (
				1AFD960B245CDE650092CF99 /* Debug */,
				1AFD960C245CDE650092CF99 /* Release */,
			);
			defaultConfigurationIsVisible = 0;
			defaultConfigurationName = Release;
		};
		1AFD960D245CDE650092CF99 /* Build configuration list for PBXNativeTarget "IndexCards" */ = {
			isa = XCConfigurationList;
			buildConfigurations = (
				1AFD960E245CDE650092CF99 /* Debug */,
				1AFD960F245CDE650092CF99 /* Release */,
			);
			defaultConfigurationIsVisible = 0;
			defaultConfigurationName = Release;
		};
/* End XCConfigurationList section */
	};
	rootObject = 1AFD95F3245CDE630092CF99 /* Project object */;
}
